
Microsoft Visual Studio Solution File, Format Version 12.00
# Visual Studio Version 17
VisualStudioVersion = 17.8.34525.116
MinimumVisualStudioVersion = 10.0.40219.1
Project("{FAE04EC0-301F-11D3-BF4B-00C04F79EFBC}") = "backend", "backend.csproj", "{ED26AA92-94C1-4C24-ACAA-C4B4917CE745}"
EndProject
Global
	GlobalSection(SolutionConfigurationPlatforms) = preSolution
		Debug|Any CPU = Debug|Any CPU
		Release|Any CPU = Release|Any CPU
	EndGlobalSection
	GlobalSection(ProjectConfigurationPlatforms) = postSolution
		{ED26AA92-94C1-4C24-ACAA-C4B4917CE745}.Debug|Any CPU.ActiveCfg = Debug|Any CPU
		{ED26AA92-94C1-4C24-ACAA-C4B4917CE745}.Debug|Any CPU.Build.0 = Debug|Any CPU
		{ED26AA92-94C1-4C24-ACAA-C4B4917CE745}.Release|Any CPU.ActiveCfg = Release|Any CPU
		{ED26AA92-94C1-4C24-ACAA-C4B4917CE745}.Release|Any CPU.Build.0 = Release|Any CPU
	EndGlobalSection
	GlobalSection(SolutionProperties) = preSolution
		HideSolutionNode = FALSE
	EndGlobalSection
	GlobalSection(ExtensibilityGlobals) = postSolution
		SolutionGuid = {3E515FFE-751E-43DF-8DE6-07EA4586DD66}
	EndGlobalSection
EndGlobal
